
Microsoft Visual Studio Solution File, Format Version 12.00
# Visual Studio Version 17
VisualStudioVersion = 17.0.31903.59
MinimumVisualStudioVersion = 10.0.40219.1
Project("{FAE04EC0-301F-11D3-BF4B-00C04F79EFBC}") = "API", "API\API.csproj", "{19E115F7-78D6-445A-A980-84410D8CD329}"
EndProject
Project("{FAE04EC0-301F-11D3-BF4B-00C04F79EFBC}") = "Infrastructure", "Infrastructure\Infrastructure.csproj", "{53A8CDA9-24BD-496F-8695-BDF0B3FC5CEF}"
EndProject
Project("{FAE04EC0-301F-11D3-BF4B-00C04F79EFBC}") = "Core", "Core\Core.csproj", "{1232A247-6077-4DF2-88DE-16E600B5338F}"
EndProject
Global
	GlobalSection(SolutionConfigurationPlatforms) = preSolution
		Debug|Any CPU = Debug|Any CPU
		Release|Any CPU = Release|Any CPU
	EndGlobalSection
	GlobalSection(SolutionProperties) = preSolution
		HideSolutionNode = FALSE
	EndGlobalSection
	GlobalSection(ProjectConfigurationPlatforms) = postSolution
		{19E115F7-78D6-445A-A980-84410D8CD329}.Debug|Any CPU.ActiveCfg = Debug|Any CPU
		{19E115F7-78D6-445A-A980-84410D8CD329}.Debug|Any CPU.Build.0 = Debug|Any CPU
		{19E115F7-78D6-445A-A980-84410D8CD329}.Release|Any CPU.ActiveCfg = Release|Any CPU
		{19E115F7-78D6-445A-A980-84410D8CD329}.Release|Any CPU.Build.0 = Release|Any CPU
		{53A8CDA9-24BD-496F-8695-BDF0B3FC5CEF}.Debug|Any CPU.ActiveCfg = Debug|Any CPU
		{53A8CDA9-24BD-496F-8695-BDF0B3FC5CEF}.Debug|Any CPU.Build.0 = Debug|Any CPU
		{53A8CDA9-24BD-496F-8695-BDF0B3FC5CEF}.Release|Any CPU.ActiveCfg = Release|Any CPU
		{53A8CDA9-24BD-496F-8695-BDF0B3FC5CEF}.Release|Any CPU.Build.0 = Release|Any CPU
		{1232A247-6077-4DF2-88DE-16E600B5338F}.Debug|Any CPU.ActiveCfg = Debug|Any CPU
		{1232A247-6077-4DF2-88DE-16E600B5338F}.Debug|Any CPU.Build.0 = Debug|Any CPU
		{1232A247-6077-4DF2-88DE-16E600B5338F}.Release|Any CPU.ActiveCfg = Release|Any CPU
		{1232A247-6077-4DF2-88DE-16E600B5338F}.Release|Any CPU.Build.0 = Release|Any CPU
	EndGlobalSection
EndGlobal
